
Microsoft Visual Studio Solution File, Format Version 12.00
# Visual Studio 15
VisualStudioVersion = 15.0.28307.1082
MinimumVisualStudioVersion = 10.0.40219.1
Project("{FAE04EC0-301F-11D3-BF4B-00C04F79EFBC}") = "MildAtlanticBusTours", "MildAtlanticBusTours\MildAtlanticBusTours.csproj", "{938D0559-413E-4E70-A5AE-03F7FAA18750}"
EndProject
Global
	GlobalSection(SolutionConfigurationPlatforms) = preSolution
		Debug|Any CPU = Debug|Any CPU
		Release|Any CPU = Release|Any CPU
	EndGlobalSection
	GlobalSection(ProjectConfigurationPlatforms) = postSolution
		{938D0559-413E-4E70-A5AE-03F7FAA18750}.Debug|Any CPU.ActiveCfg = Debug|Any CPU
		{938D0559-413E-4E70-A5AE-03F7FAA18750}.Debug|Any CPU.Build.0 = Debug|Any CPU
		{938D0559-413E-4E70-A5AE-03F7FAA18750}.Release|Any CPU.ActiveCfg = Release|Any CPU
		{938D0559-413E-4E70-A5AE-03F7FAA18750}.Release|Any CPU.Build.0 = Release|Any CPU
	EndGlobalSection
	GlobalSection(SolutionProperties) = preSolution
		HideSolutionNode = FALSE
	EndGlobalSection
	GlobalSection(ExtensibilityGlobals) = postSolution
		SolutionGuid = {090FC49E-7416-4BF1-8AFC-CEDA91A3323D}
	EndGlobalSection
EndGlobal
